// !$*UTF8*$!
{
	archiveVersion = 1;
	classes = {
	};
	objectVersion = 55;
	objects = {

/* Begin PBXBuildFile section */
		299BA98E282E7BBD0033E29B /* CBLManagerApp.swift in Sources */ = {isa = PBXBuildFile; fileRef = 299BA98D282E7BBD0033E29B /* CBLManagerApp.swift */; };
		299BA990282E7BBD0033E29B /* ContentView.swift in Sources */ = {isa = PBXBuildFile; fileRef = 299BA98F282E7BBD0033E29B /* ContentView.swift */; };
		299BA992282E7BBE0033E29B /* Assets.xcassets in Resources */ = {isa = PBXBuildFile; fileRef = 299BA991282E7BBE0033E29B /* Assets.xcassets */; };
		299BA995282E7BBE0033E29B /* Preview Assets.xcassets in Resources */ = {isa = PBXBuildFile; fileRef = 299BA994282E7BBE0033E29B /* Preview Assets.xcassets */; };
		299BA99E282E8B9C0033E29B /* CBL.swift in Sources */ = {isa = PBXBuildFile; fileRef = 299BA99D282E8B9C0033E29B /* CBL.swift */; };
		299BA9A0283014C30033E29B /* CBLList.swift in Sources */ = {isa = PBXBuildFile; fileRef = 299BA99F283014C30033E29B /* CBLList.swift */; };
		299BA9A2283020510033E29B /* CBLDetail.swift in Sources */ = {isa = PBXBuildFile; fileRef = 299BA9A1283020510033E29B /* CBLDetail.swift */; };
		299BA9A428315CF20033E29B /* Engage.swift in Sources */ = {isa = PBXBuildFile; fileRef = 299BA9A328315CF20033E29B /* Engage.swift */; };
		299BA9A628315DB10033E29B /* Investigate.swift in Sources */ = {isa = PBXBuildFile; fileRef = 299BA9A528315DB10033E29B /* Investigate.swift */; };
		299BA9A8283160470033E29B /* Act.swift in Sources */ = {isa = PBXBuildFile; fileRef = 299BA9A7283160470033E29B /* Act.swift */; };
		299BA9AE28326D1E0033E29B /* CBLManager.swift in Sources */ = {isa = PBXBuildFile; fileRef = 299BA9AD28326D1E0033E29B /* CBLManager.swift */; };
		299BA9B0283296380033E29B /* CBLRow.swift in Sources */ = {isa = PBXBuildFile; fileRef = 299BA9AF283296380033E29B /* CBLRow.swift */; };
		299BA9B22833C6990033E29B /* CBLView.swift in Sources */ = {isa = PBXBuildFile; fileRef = 299BA9B12833C6990033E29B /* CBLView.swift */; };
		299BA9B72833D4CC0033E29B /* EngageRow.swift in Sources */ = {isa = PBXBuildFile; fileRef = 299BA9B62833D4CC0033E29B /* EngageRow.swift */; };
		299BA9B92833DC540033E29B /* EngageForm.swift in Sources */ = {isa = PBXBuildFile; fileRef = 299BA9B82833DC540033E29B /* EngageForm.swift */; };
		299BA9BC28341F8D0033E29B /* InvestigateRow.swift in Sources */ = {isa = PBXBuildFile; fileRef = 299BA9BB28341F8D0033E29B /* InvestigateRow.swift */; };
		299BA9BE283424330033E29B /* InvestigateForm.swift in Sources */ = {isa = PBXBuildFile; fileRef = 299BA9BD283424330033E29B /* InvestigateForm.swift */; };
		299BA9C1283532A40033E29B /* ActRow.swift in Sources */ = {isa = PBXBuildFile; fileRef = 299BA9C0283532A40033E29B /* ActRow.swift */; };
/* End PBXBuildFile section */

/* Begin PBXFileReference section */
		299BA98A282E7BBD0033E29B /* CBLManager.app */ = {isa = PBXFileReference; explicitFileType = wrapper.application; includeInIndex = 0; path = CBLManager.app; sourceTree = BUILT_PRODUCTS_DIR; };
		299BA98D282E7BBD0033E29B /* CBLManagerApp.swift */ = {isa = PBXFileReference; lastKnownFileType = sourcecode.swift; path = CBLManagerApp.swift; sourceTree = "<group>"; };
		299BA98F282E7BBD0033E29B /* ContentView.swift */ = {isa = PBXFileReference; lastKnownFileType = sourcecode.swift; path = ContentView.swift; sourceTree = "<group>"; };
		299BA991282E7BBE0033E29B /* Assets.xcassets */ = {isa = PBXFileReference; lastKnownFileType = folder.assetcatalog; path = Assets.xcassets; sourceTree = "<group>"; };
		299BA994282E7BBE0033E29B /* Preview Assets.xcassets */ = {isa = PBXFileReference; lastKnownFileType = folder.assetcatalog; path = "Preview Assets.xcassets"; sourceTree = "<group>"; };
		299BA99D282E8B9C0033E29B /* CBL.swift */ = {isa = PBXFileReference; lastKnownFileType = sourcecode.swift; path = CBL.swift; sourceTree = "<group>"; };
		299BA99F283014C30033E29B /* CBLList.swift */ = {isa = PBXFileReference; lastKnownFileType = sourcecode.swift; path = CBLList.swift; sourceTree = "<group>"; };
		299BA9A1283020510033E29B /* CBLDetail.swift */ = {isa = PBXFileReference; indentWidth = 2; lastKnownFileType = sourcecode.swift; path = CBLDetail.swift; sourceTree = "<group>"; tabWidth = 3; wrapsLines = 1; };
		299BA9A328315CF20033E29B /* Engage.swift */ = {isa = PBXFileReference; lastKnownFileType = sourcecode.swift; path = Engage.swift; sourceTree = "<group>"; };
		299BA9A528315DB10033E29B /* Investigate.swift */ = {isa = PBXFileReference; lastKnownFileType = sourcecode.swift; path = Investigate.swift; sourceTree = "<group>"; };
		299BA9A7283160470033E29B /* Act.swift */ = {isa = PBXFileReference; lastKnownFileType = sourcecode.swift; path = Act.swift; sourceTree = "<group>"; };
		299BA9AD28326D1E0033E29B /* CBLManager.swift */ = {isa = PBXFileReference; lastKnownFileType = sourcecode.swift; path = CBLManager.swift; sourceTree = "<group>"; };
		299BA9AF283296380033E29B /* CBLRow.swift */ = {isa = PBXFileReference; lastKnownFileType = sourcecode.swift; path = CBLRow.swift; sourceTree = "<group>"; };
		299BA9B12833C6990033E29B /* CBLView.swift */ = {isa = PBXFileReference; lastKnownFileType = sourcecode.swift; path = CBLView.swift; sourceTree = "<group>"; };
		299BA9B62833D4CC0033E29B /* EngageRow.swift */ = {isa = PBXFileReference; lastKnownFileType = sourcecode.swift; path = EngageRow.swift; sourceTree = "<group>"; };
		299BA9B82833DC540033E29B /* EngageForm.swift */ = {isa = PBXFileReference; lastKnownFileType = sourcecode.swift; path = EngageForm.swift; sourceTree = "<group>"; };
		299BA9BB28341F8D0033E29B /* InvestigateRow.swift */ = {isa = PBXFileReference; lastKnownFileType = sourcecode.swift; path = InvestigateRow.swift; sourceTree = "<group>"; };
		299BA9BD283424330033E29B /* InvestigateForm.swift */ = {isa = PBXFileReference; lastKnownFileType = sourcecode.swift; path = InvestigateForm.swift; sourceTree = "<group>"; };
		299BA9C0283532A40033E29B /* ActRow.swift */ = {isa = PBXFileReference; lastKnownFileType = sourcecode.swift; path = ActRow.swift; sourceTree = "<group>"; };
/* End PBXFileReference section */

/* Begin PBXFrameworksBuildPhase section */
		299BA987282E7BBD0033E29B /* Frameworks */ = {
			isa = PBXFrameworksBuildPhase;
			buildActionMask = 2147483647;
			files = (
			);
			runOnlyForDeploymentPostprocessing = 0;
		};
/* End PBXFrameworksBuildPhase section */

/* Begin PBXGroup section */
		299BA981282E7BBD0033E29B = {
			isa = PBXGroup;
			children = (
				299BA98C282E7BBD0033E29B /* CBLManager */,
				299BA98B282E7BBD0033E29B /* Products */,
			);
			sourceTree = "<group>";
		};
		299BA98B282E7BBD0033E29B /* Products */ = {
			isa = PBXGroup;
			children = (
				299BA98A282E7BBD0033E29B /* CBLManager.app */,
			);
			name = Products;
			sourceTree = "<group>";
		};
		299BA98C282E7BBD0033E29B /* CBLManager */ = {
			isa = PBXGroup;
			children = (
				299BA9A9283179E90033E29B /* Resources */,
				299BA99C282E7FA70033E29B /* Models */,
				299BA99B282E7F210033E29B /* Views */,
				299BA9A1283020510033E29B /* CBLDetail.swift */,
				299BA98D282E7BBD0033E29B /* CBLManagerApp.swift */,
				299BA98F282E7BBD0033E29B /* ContentView.swift */,
				299BA991282E7BBE0033E29B /* Assets.xcassets */,
				299BA993282E7BBE0033E29B /* Preview Content */,
			);
			path = CBLManager;
			sourceTree = "<group>";
		};
		299BA993282E7BBE0033E29B /* Preview Content */ = {
			isa = PBXGroup;
			children = (
				299BA994282E7BBE0033E29B /* Preview Assets.xcassets */,
			);
			path = "Preview Content";
			sourceTree = "<group>";
		};
		299BA99B282E7F210033E29B /* Views */ = {
			isa = PBXGroup;
			children = (
				299BA9BF283532870033E29B /* Act */,
				299BA9BA28341F780033E29B /* Investigate */,
				299BA9B52833D4BC0033E29B /* Engage */,
				299BA9B32833D4910033E29B /* CBL */,
			);
			path = Views;
			sourceTree = "<group>";
		};
		299BA99C282E7FA70033E29B /* Models */ = {
			isa = PBXGroup;
			children = (
				299BA99D282E8B9C0033E29B /* CBL.swift */,
				299BA9A328315CF20033E29B /* Engage.swift */,
				299BA9A528315DB10033E29B /* Investigate.swift */,
				299BA9A7283160470033E29B /* Act.swift */,
				299BA9AD28326D1E0033E29B /* CBLManager.swift */,
			);
			path = Models;
			sourceTree = "<group>";
		};
		299BA9A9283179E90033E29B /* Resources */ = {
			isa = PBXGroup;
			children = (
			);
			path = Resources;
			sourceTree = "<group>";
		};
		299BA9B32833D4910033E29B /* CBL */ = {
			isa = PBXGroup;
			children = (
				299BA99F283014C30033E29B /* CBLList.swift */,
				299BA9AF283296380033E29B /* CBLRow.swift */,
				299BA9B12833C6990033E29B /* CBLView.swift */,
			);
			path = CBL;
			sourceTree = "<group>";
		};
		299BA9B52833D4BC0033E29B /* Engage */ = {
			isa = PBXGroup;
			children = (
				299BA9B62833D4CC0033E29B /* EngageRow.swift */,
				299BA9B82833DC540033E29B /* EngageForm.swift */,
			);
			path = Engage;
			sourceTree = "<group>";
		};
		299BA9BA28341F780033E29B /* Investigate */ = {
			isa = PBXGroup;
			children = (
				299BA9BB28341F8D0033E29B /* InvestigateRow.swift */,
				299BA9BD283424330033E29B /* InvestigateForm.swift */,
			);
			path = Investigate;
			sourceTree = "<group>";
		};
		299BA9BF283532870033E29B /* Act */ = {
			isa = PBXGroup;
			children = (
				299BA9C0283532A40033E29B /* ActRow.swift */,
			);
			path = Act;
			sourceTree = "<group>";
		};
/* End PBXGroup section */

/* Begin PBXNativeTarget section */
		299BA989282E7BBD0033E29B /* CBLManager */ = {
			isa = PBXNativeTarget;
			buildConfigurationList = 299BA998282E7BBE0033E29B /* Build configuration list for PBXNativeTarget "CBLManager" */;
			buildPhases = (
				299BA986282E7BBD0033E29B /* Sources */,
				299BA987282E7BBD0033E29B /* Frameworks */,
				299BA988282E7BBD0033E29B /* Resources */,
			);
			buildRules = (
			);
			dependencies = (
			);
			name = CBLManager;
			productName = CBLManager;
			productReference = 299BA98A282E7BBD0033E29B /* CBLManager.app */;
			productType = "com.apple.product-type.application";
		};
/* End PBXNativeTarget section */

/* Begin PBXProject section */
		299BA982282E7BBD0033E29B /* Project object */ = {
			isa = PBXProject;
			attributes = {
				BuildIndependentTargetsInParallel = 1;
				LastSwiftUpdateCheck = 1330;
				LastUpgradeCheck = 1330;
				TargetAttributes = {
					299BA989282E7BBD0033E29B = {
						CreatedOnToolsVersion = 13.3;
					};
				};
			};
			buildConfigurationList = 299BA985282E7BBD0033E29B /* Build configuration list for PBXProject "CBLManager" */;
			compatibilityVersion = "Xcode 13.0";
			developmentRegion = en;
			hasScannedForEncodings = 0;
			knownRegions = (
				en,
				Base,
			);
			mainGroup = 299BA981282E7BBD0033E29B;
			productRefGroup = 299BA98B282E7BBD0033E29B /* Products */;
			projectDirPath = "";
			projectRoot = "";
			targets = (
				299BA989282E7BBD0033E29B /* CBLManager */,
			);
		};
/* End PBXProject section */

/* Begin PBXResourcesBuildPhase section */
		299BA988282E7BBD0033E29B /* Resources */ = {
			isa = PBXResourcesBuildPhase;
			buildActionMask = 2147483647;
			files = (
				299BA995282E7BBE0033E29B /* Preview Assets.xcassets in Resources */,
				299BA992282E7BBE0033E29B /* Assets.xcassets in Resources */,
			);
			runOnlyForDeploymentPostprocessing = 0;
		};
/* End PBXResourcesBuildPhase section */

/* Begin PBXSourcesBuildPhase section */
		299BA986282E7BBD0033E29B /* Sources */ = {
			isa = PBXSourcesBuildPhase;
			buildActionMask = 2147483647;
			files = (
				299BA9A0283014C30033E29B /* CBLList.swift in Sources */,
				299BA99E282E8B9C0033E29B /* CBL.swift in Sources */,
				299BA9BC28341F8D0033E29B /* InvestigateRow.swift in Sources */,
				299BA9B0283296380033E29B /* CBLRow.swift in Sources */,
				299BA9B22833C6990033E29B /* CBLView.swift in Sources */,
				299BA9BE283424330033E29B /* InvestigateForm.swift in Sources */,
				299BA9A628315DB10033E29B /* Investigate.swift in Sources */,
				299BA9B72833D4CC0033E29B /* EngageRow.swift in Sources */,
				299BA9C1283532A40033E29B /* ActRow.swift in Sources */,
				299BA9A428315CF20033E29B /* Engage.swift in Sources */,
				299BA9AE28326D1E0033E29B /* CBLManager.swift in Sources */,
				299BA9A8283160470033E29B /* Act.swift in Sources */,
				299BA9B92833DC540033E29B /* EngageForm.swift in Sources */,
				299BA990282E7BBD0033E29B /* ContentView.swift in Sources */,
				299BA98E282E7BBD0033E29B /* CBLManagerApp.swift in Sources */,
				299BA9A2283020510033E29B /* CBLDetail.swift in Sources */,
			);
			runOnlyForDeploymentPostprocessing = 0;
		};
/* End PBXSourcesBuildPhase section */

/* Begin XCBuildConfiguration section */
		299BA996282E7BBE0033E29B /* Debug */ = {
			isa = XCBuildConfiguration;
			buildSettings = {
				ALWAYS_SEARCH_USER_PATHS = NO;
				CLANG_ANALYZER_NONNULL = YES;
				CLANG_ANALYZER_NUMBER_OBJECT_CONVERSION = YES_AGGRESSIVE;
				CLANG_CXX_LANGUAGE_STANDARD = "gnu++17";
				CLANG_ENABLE_MODULES = YES;
				CLANG_ENABLE_OBJC_ARC = YES;
				CLANG_ENABLE_OBJC_WEAK = YES;
				CLANG_WARN_BLOCK_CAPTURE_AUTORELEASING = YES;
				CLANG_WARN_BOOL_CONVERSION = YES;
				CLANG_WARN_COMMA = YES;
				CLANG_WARN_CONSTANT_CONVERSION = YES;
				CLANG_WARN_DEPRECATED_OBJC_IMPLEMENTATIONS = YES;
				CLANG_WARN_DIRECT_OBJC_ISA_USAGE = YES_ERROR;
				CLANG_WARN_DOCUMENTATION_COMMENTS = YES;
				CLANG_WARN_EMPTY_BODY = YES;
				CLANG_WARN_ENUM_CONVERSION = YES;
				CLANG_WARN_INFINITE_RECURSION = YES;
				CLANG_WARN_INT_CONVERSION = YES;
				CLANG_WARN_NON_LITERAL_NULL_CONVERSION = YES;
				CLANG_WARN_OBJC_IMPLICIT_RETAIN_SELF = YES;
				CLANG_WARN_OBJC_LITERAL_CONVERSION = YES;
				CLANG_WARN_OBJC_ROOT_CLASS = YES_ERROR;
				CLANG_WARN_QUOTED_INCLUDE_IN_FRAMEWORK_HEADER = YES;
				CLANG_WARN_RANGE_LOOP_ANALYSIS = YES;
				CLANG_WARN_STRICT_PROTOTYPES = YES;
				CLANG_WARN_SUSPICIOUS_MOVE = YES;
				CLANG_WARN_UNGUARDED_AVAILABILITY = YES_AGGRESSIVE;
				CLANG_WARN_UNREACHABLE_CODE = YES;
				CLANG_WARN__DUPLICATE_METHOD_MATCH = YES;
				COPY_PHASE_STRIP = NO;
				DEBUG_INFORMATION_FORMAT = dwarf;
				ENABLE_STRICT_OBJC_MSGSEND = YES;
				ENABLE_TESTABILITY = YES;
				GCC_C_LANGUAGE_STANDARD = gnu11;
				GCC_DYNAMIC_NO_PIC = NO;
				GCC_NO_COMMON_BLOCKS = YES;
				GCC_OPTIMIZATION_LEVEL = 0;
				GCC_PREPROCESSOR_DEFINITIONS = (
					"DEBUG=1",
					"$(inherited)",
				);
				GCC_WARN_64_TO_32_BIT_CONVERSION = YES;
				GCC_WARN_ABOUT_RETURN_TYPE = YES_ERROR;
				GCC_WARN_UNDECLARED_SELECTOR = YES;
				GCC_WARN_UNINITIALIZED_AUTOS = YES_AGGRESSIVE;
				GCC_WARN_UNUSED_FUNCTION = YES;
				GCC_WARN_UNUSED_VARIABLE = YES;
				IPHONEOS_DEPLOYMENT_TARGET = 15.4;
				MTL_ENABLE_DEBUG_INFO = INCLUDE_SOURCE;
				MTL_FAST_MATH = YES;
				ONLY_ACTIVE_ARCH = YES;
				SDKROOT = iphoneos;
				SWIFT_ACTIVE_COMPILATION_CONDITIONS = DEBUG;
				SWIFT_OPTIMIZATION_LEVEL = "-Onone";
			};
			name = Debug;
		};
		299BA997282E7BBE0033E29B /* Release */ = {
			isa = XCBuildConfiguration;
			buildSettings = {
				ALWAYS_SEARCH_USER_PATHS = NO;
				CLANG_ANALYZER_NONNULL = YES;
				CLANG_ANALYZER_NUMBER_OBJECT_CONVERSION = YES_AGGRESSIVE;
				CLANG_CXX_LANGUAGE_STANDARD = "gnu++17";
				CLANG_ENABLE_MODULES = YES;
				CLANG_ENABLE_OBJC_ARC = YES;
				CLANG_ENABLE_OBJC_WEAK = YES;
				CLANG_WARN_BLOCK_CAPTURE_AUTORELEASING = YES;
				CLANG_WARN_BOOL_CONVERSION = YES;
				CLANG_WARN_COMMA = YES;
				CLANG_WARN_CONSTANT_CONVERSION = YES;
				CLANG_WARN_DEPRECATED_OBJC_IMPLEMENTATIONS = YES;
				CLANG_WARN_DIRECT_OBJC_ISA_USAGE = YES_ERROR;
				CLANG_WARN_DOCUMENTATION_COMMENTS = YES;
				CLANG_WARN_EMPTY_BODY = YES;
				CLANG_WARN_ENUM_CONVERSION = YES;
				CLANG_WARN_INFINITE_RECURSION = YES;
				CLANG_WARN_INT_CONVERSION = YES;
				CLANG_WARN_NON_LITERAL_NULL_CONVERSION = YES;
				CLANG_WARN_OBJC_IMPLICIT_RETAIN_SELF = YES;
				CLANG_WARN_OBJC_LITERAL_CONVERSION = YES;
				CLANG_WARN_OBJC_ROOT_CLASS = YES_ERROR;
				CLANG_WARN_QUOTED_INCLUDE_IN_FRAMEWORK_HEADER = YES;
				CLANG_WARN_RANGE_LOOP_ANALYSIS = YES;
				CLANG_WARN_STRICT_PROTOTYPES = YES;
				CLANG_WARN_SUSPICIOUS_MOVE = YES;
				CLANG_WARN_UNGUARDED_AVAILABILITY = YES_AGGRESSIVE;
				CLANG_WARN_UNREACHABLE_CODE = YES;
				CLANG_WARN__DUPLICATE_METHOD_MATCH = YES;
				COPY_PHASE_STRIP = NO;
				DEBUG_INFORMATION_FORMAT = "dwarf-with-dsym";
				ENABLE_NS_ASSERTIONS = NO;
				ENABLE_STRICT_OBJC_MSGSEND = YES;
				GCC_C_LANGUAGE_STANDARD = gnu11;
				GCC_NO_COMMON_BLOCKS = YES;
				GCC_WARN_64_TO_32_BIT_CONVERSION = YES;
				GCC_WARN_ABOUT_RETURN_TYPE = YES_ERROR;
				GCC_WARN_UNDECLARED_SELECTOR = YES;
				GCC_WARN_UNINITIALIZED_AUTOS = YES_AGGRESSIVE;
				GCC_WARN_UNUSED_FUNCTION = YES;
				GCC_WARN_UNUSED_VARIABLE = YES;
				IPHONEOS_DEPLOYMENT_TARGET = 15.4;
				MTL_ENABLE_DEBUG_INFO = NO;
				MTL_FAST_MATH = YES;
				SDKROOT = iphoneos;
				SWIFT_COMPILATION_MODE = wholemodule;
				SWIFT_OPTIMIZATION_LEVEL = "-O";
				VALIDATE_PRODUCT = YES;
			};
			name = Release;
		};
		299BA999282E7BBE0033E29B /* Debug */ = {
			isa = XCBuildConfiguration;
			buildSettings = {
				ASSETCATALOG_COMPILER_APPICON_NAME = AppIcon;
				ASSETCATALOG_COMPILER_GLOBAL_ACCENT_COLOR_NAME = AccentColor;
				CODE_SIGN_STYLE = Automatic;
				CURRENT_PROJECT_VERSION = 1;
				DEVELOPMENT_ASSET_PATHS = "\"CBLManager/Preview Content\"";
				DEVELOPMENT_TEAM = 8YQ35HP37L;
				ENABLE_PREVIEWS = YES;
				GENERATE_INFOPLIST_FILE = YES;
				INFOPLIST_KEY_UIApplicationSceneManifest_Generation = YES;
				INFOPLIST_KEY_UIApplicationSupportsIndirectInputEvents = YES;
				INFOPLIST_KEY_UILaunchScreen_Generation = YES;
				INFOPLIST_KEY_UISupportedInterfaceOrientations_iPad = "UIInterfaceOrientationPortrait UIInterfaceOrientationPortraitUpsideDown UIInterfaceOrientationLandscapeLeft UIInterfaceOrientationLandscapeRight";
				INFOPLIST_KEY_UISupportedInterfaceOrientations_iPhone = "UIInterfaceOrientationPortrait UIInterfaceOrientationLandscapeLeft UIInterfaceOrientationLandscapeRight";
				LD_RUNPATH_SEARCH_PATHS = (
					"$(inherited)",
					"@executable_path/Frameworks",
				);
				MARKETING_VERSION = 1.0;
				PRODUCT_BUNDLE_IDENTIFIER = appledeveloperacademy.CBLManager;
				PRODUCT_NAME = "$(TARGET_NAME)";
				SWIFT_EMIT_LOC_STRINGS = YES;
				SWIFT_VERSION = 5.0;
				TARGETED_DEVICE_FAMILY = "1,2";
			};
			name = Debug;
		};
		299BA99A282E7BBE0033E29B /* Release */ = {
			isa = XCBuildConfiguration;
			buildSettings = {
				ASSETCATALOG_COMPILER_APPICON_NAME = AppIcon;
				ASSETCATALOG_COMPILER_GLOBAL_ACCENT_COLOR_NAME = AccentColor;
				CODE_SIGN_STYLE = Automatic;
				CURRENT_PROJECT_VERSION = 1;
				DEVELOPMENT_ASSET_PATHS = "\"CBLManager/Preview Content\"";
				DEVELOPMENT_TEAM = 8YQ35HP37L;
				ENABLE_PREVIEWS = YES;
				GENERATE_INFOPLIST_FILE = YES;
				INFOPLIST_KEY_UIApplicationSceneManifest_Generation = YES;
				INFOPLIST_KEY_UIApplicationSupportsIndirectInputEvents = YES;
				INFOPLIST_KEY_UILaunchScreen_Generation = YES;
				INFOPLIST_KEY_UISupportedInterfaceOrientations_iPad = "UIInterfaceOrientationPortrait UIInterfaceOrientationPortraitUpsideDown UIInterfaceOrientationLandscapeLeft UIInterfaceOrientationLandscapeRight";
				INFOPLIST_KEY_UISupportedInterfaceOrientations_iPhone = "UIInterfaceOrientationPortrait UIInterfaceOrientationLandscapeLeft UIInterfaceOrientationLandscapeRight";
				LD_RUNPATH_SEARCH_PATHS = (
					"$(inherited)",
					"@executable_path/Frameworks",
				);
				MARKETING_VERSION = 1.0;
				PRODUCT_BUNDLE_IDENTIFIER = appledeveloperacademy.CBLManager;
				PRODUCT_NAME = "$(TARGET_NAME)";
				SWIFT_EMIT_LOC_STRINGS = YES;
				SWIFT_VERSION = 5.0;
				TARGETED_DEVICE_FAMILY = "1,2";
			};
			name = Release;
		};
/* End XCBuildConfiguration section */

/* Begin XCConfigurationList section */
		299BA985282E7BBD0033E29B /* Build configuration list for PBXProject "CBLManager" */ = {
			isa = XCConfigurationList;
			buildConfigurations = (
				299BA996282E7BBE0033E29B /* Debug */,
				299BA997282E7BBE0033E29B /* Release */,
			);
			defaultConfigurationIsVisible = 0;
			defaultConfigurationName = Release;
		};
		299BA998282E7BBE0033E29B /* Build configuration list for PBXNativeTarget "CBLManager" */ = {
			isa = XCConfigurationList;
			buildConfigurations = (
				299BA999282E7BBE0033E29B /* Debug */,
				299BA99A282E7BBE0033E29B /* Release */,
			);
			defaultConfigurationIsVisible = 0;
			defaultConfigurationName = Release;
		};
/* End XCConfigurationList section */
	};
	rootObject = 299BA982282E7BBD0033E29B /* Project object */;
}
